
Microsoft Visual Studio Solution File, Format Version 12.00
# Visual Studio Version 17
VisualStudioVersion = 17.4.33103.184
MinimumVisualStudioVersion = 10.0.40219.1
Project("{8BC9CEB8-8B4A-11D0-8D11-00A0C91BC942}") = "FaceDetector", "FaceDetector\FaceDetector.vcxproj", "{3B4909BF-2B59-4C81-9D72-37D37523B247}"
EndProject
Project("{888888A0-9F3D-457C-B088-3A5042F75D52}") = "VideoConverterPY", "VideoConverterPY\VideoConverterPY.pyproj", "{CAC0641D-63D4-4479-B187-6E13AF26ABE1}"
EndProject
Project("{9A19103F-16F7-4668-BE54-9A1E7A4F7556}") = "EV3UIWF", "EV3UIWF\EV3UIWF.csproj", "{D56B063F-B1FE-4D40-9D25-99725B4E926B}"
EndProject
Project("{9A19103F-16F7-4668-BE54-9A1E7A4F7556}") = "Logger", "Logger\Logger.csproj", "{F0432E8B-B685-4080-A709-8B0E8F1325FE}"
EndProject
Project("{9A19103F-16F7-4668-BE54-9A1E7A4F7556}") = "Processor", "Processor\Processor.csproj", "{E168BC1F-DBD4-454F-9CE8-439FB494D65A}"
EndProject
Project("{888888A0-9F3D-457C-B088-3A5042F75D52}") = "EV3Handler2", "EV3Handler2\EV3Handler2.pyproj", "{1A53BB99-B93E-4038-B42E-86548A09283B}"
EndProject
Project("{9A19103F-16F7-4668-BE54-9A1E7A4F7556}") = "VoiceCreator", "VoiceCreator2\VoiceCreator.csproj", "{64AC5ABB-0492-4193-83A7-7A7E6900A0B5}"
EndProject
Project("{8BC9CEB8-8B4A-11D0-8D11-00A0C91BC942}") = "FaceRecognizer", "FaceRecognizer\FaceRecognizer.vcxproj", "{CEFAECA4-26C0-4C6E-AF5A-7186006B27B7}"
EndProject
Project("{FAE04EC0-301F-11D3-BF4B-00C04F79EFBC}") = "v380stream", "v380strem\v380stream.csproj", "{EC30CAF8-DF27-4153-A8CE-8D30B9729CA3}"
EndProject
Project("{FAE04EC0-301F-11D3-BF4B-00C04F79EFBC}") = "SpeechToText", "SpeechToText\SpeechToText.csproj", "{81FE148D-2523-4DFF-A8F9-CE8BB94C635B}"
EndProject
Global
	GlobalSection(SolutionConfigurationPlatforms) = preSolution
		Debug|Any CPU = Debug|Any CPU
		Debug|x64 = Debug|x64
		Debug|x86 = Debug|x86
		Release|Any CPU = Release|Any CPU
		Release|x64 = Release|x64
		Release|x86 = Release|x86
	EndGlobalSection
	GlobalSection(ProjectConfigurationPlatforms) = postSolution
		{3B4909BF-2B59-4C81-9D72-37D37523B247}.Debug|Any CPU.ActiveCfg = Debug|Win32
		{3B4909BF-2B59-4C81-9D72-37D37523B247}.Debug|x64.ActiveCfg = Debug|x64
		{3B4909BF-2B59-4C81-9D72-37D37523B247}.Debug|x64.Build.0 = Debug|x64
		{3B4909BF-2B59-4C81-9D72-37D37523B247}.Debug|x86.ActiveCfg = Debug|Win32
		{3B4909BF-2B59-4C81-9D72-37D37523B247}.Debug|x86.Build.0 = Debug|Win32
		{3B4909BF-2B59-4C81-9D72-37D37523B247}.Release|Any CPU.ActiveCfg = Release|Win32
		{3B4909BF-2B59-4C81-9D72-37D37523B247}.Release|x64.ActiveCfg = Release|x64
		{3B4909BF-2B59-4C81-9D72-37D37523B247}.Release|x64.Build.0 = Release|x64
		{3B4909BF-2B59-4C81-9D72-37D37523B247}.Release|x86.ActiveCfg = Release|Win32
		{3B4909BF-2B59-4C81-9D72-37D37523B247}.Release|x86.Build.0 = Release|Win32
		{CAC0641D-63D4-4479-B187-6E13AF26ABE1}.Debug|Any CPU.ActiveCfg = Debug|Any CPU
		{CAC0641D-63D4-4479-B187-6E13AF26ABE1}.Debug|x64.ActiveCfg = Debug|Any CPU
		{CAC0641D-63D4-4479-B187-6E13AF26ABE1}.Debug|x86.ActiveCfg = Debug|Any CPU
		{CAC0641D-63D4-4479-B187-6E13AF26ABE1}.Release|Any CPU.ActiveCfg = Release|Any CPU
		{CAC0641D-63D4-4479-B187-6E13AF26ABE1}.Release|x64.ActiveCfg = Release|Any CPU
		{CAC0641D-63D4-4479-B187-6E13AF26ABE1}.Release|x86.ActiveCfg = Release|Any CPU
		{D56B063F-B1FE-4D40-9D25-99725B4E926B}.Debug|Any CPU.ActiveCfg = Debug|Any CPU
		{D56B063F-B1FE-4D40-9D25-99725B4E926B}.Debug|Any CPU.Build.0 = Debug|Any CPU
		{D56B063F-B1FE-4D40-9D25-99725B4E926B}.Debug|x64.ActiveCfg = Debug|Any CPU
		{D56B063F-B1FE-4D40-9D25-99725B4E926B}.Debug|x64.Build.0 = Debug|Any CPU
		{D56B063F-B1FE-4D40-9D25-99725B4E926B}.Debug|x86.ActiveCfg = Debug|Any CPU
		{D56B063F-B1FE-4D40-9D25-99725B4E926B}.Debug|x86.Build.0 = Debug|Any CPU
		{D56B063F-B1FE-4D40-9D25-99725B4E926B}.Release|Any CPU.ActiveCfg = Release|Any CPU
		{D56B063F-B1FE-4D40-9D25-99725B4E926B}.Release|Any CPU.Build.0 = Release|Any CPU
		{D56B063F-B1FE-4D40-9D25-99725B4E926B}.Release|x64.ActiveCfg = Release|Any CPU
		{D56B063F-B1FE-4D40-9D25-99725B4E926B}.Release|x64.Build.0 = Release|Any CPU
		{D56B063F-B1FE-4D40-9D25-99725B4E926B}.Release|x86.ActiveCfg = Release|Any CPU
		{D56B063F-B1FE-4D40-9D25-99725B4E926B}.Release|x86.Build.0 = Release|Any CPU
		{F0432E8B-B685-4080-A709-8B0E8F1325FE}.Debug|Any CPU.ActiveCfg = Debug|Any CPU
		{F0432E8B-B685-4080-A709-8B0E8F1325FE}.Debug|Any CPU.Build.0 = Debug|Any CPU
		{F0432E8B-B685-4080-A709-8B0E8F1325FE}.Debug|x64.ActiveCfg = Debug|Any CPU
		{F0432E8B-B685-4080-A709-8B0E8F1325FE}.Debug|x64.Build.0 = Debug|Any CPU
		{F0432E8B-B685-4080-A709-8B0E8F1325FE}.Debug|x86.ActiveCfg = Debug|Any CPU
		{F0432E8B-B685-4080-A709-8B0E8F1325FE}.Debug|x86.Build.0 = Debug|Any CPU
		{F0432E8B-B685-4080-A709-8B0E8F1325FE}.Release|Any CPU.ActiveCfg = Release|Any CPU
		{F0432E8B-B685-4080-A709-8B0E8F1325FE}.Release|Any CPU.Build.0 = Release|Any CPU
		{F0432E8B-B685-4080-A709-8B0E8F1325FE}.Release|x64.ActiveCfg = Release|Any CPU
		{F0432E8B-B685-4080-A709-8B0E8F1325FE}.Release|x64.Build.0 = Release|Any CPU
		{F0432E8B-B685-4080-A709-8B0E8F1325FE}.Release|x86.ActiveCfg = Release|Any CPU
		{F0432E8B-B685-4080-A709-8B0E8F1325FE}.Release|x86.Build.0 = Release|Any CPU
		{E168BC1F-DBD4-454F-9CE8-439FB494D65A}.Debug|Any CPU.ActiveCfg = Debug|Any CPU
		{E168BC1F-DBD4-454F-9CE8-439FB494D65A}.Debug|Any CPU.Build.0 = Debug|Any CPU
		{E168BC1F-DBD4-454F-9CE8-439FB494D65A}.Debug|x64.ActiveCfg = Debug|Any CPU
		{E168BC1F-DBD4-454F-9CE8-439FB494D65A}.Debug|x64.Build.0 = Debug|Any CPU
		{E168BC1F-DBD4-454F-9CE8-439FB494D65A}.Debug|x86.ActiveCfg = Debug|Any CPU
		{E168BC1F-DBD4-454F-9CE8-439FB494D65A}.Debug|x86.Build.0 = Debug|Any CPU
		{E168BC1F-DBD4-454F-9CE8-439FB494D65A}.Release|Any CPU.ActiveCfg = Release|Any CPU
		{E168BC1F-DBD4-454F-9CE8-439FB494D65A}.Release|Any CPU.Build.0 = Release|Any CPU
		{E168BC1F-DBD4-454F-9CE8-439FB494D65A}.Release|x64.ActiveCfg = Release|Any CPU
		{E168BC1F-DBD4-454F-9CE8-439FB494D65A}.Release|x64.Build.0 = Release|Any CPU
		{E168BC1F-DBD4-454F-9CE8-439FB494D65A}.Release|x86.ActiveCfg = Release|Any CPU
		{E168BC1F-DBD4-454F-9CE8-439FB494D65A}.Release|x86.Build.0 = Release|Any CPU
		{1A53BB99-B93E-4038-B42E-86548A09283B}.Debug|Any CPU.ActiveCfg = Debug|Any CPU
		{1A53BB99-B93E-4038-B42E-86548A09283B}.Debug|x64.ActiveCfg = Debug|Any CPU
		{1A53BB99-B93E-4038-B42E-86548A09283B}.Debug|x86.ActiveCfg = Debug|Any CPU
		{1A53BB99-B93E-4038-B42E-86548A09283B}.Release|Any CPU.ActiveCfg = Release|Any CPU
		{1A53BB99-B93E-4038-B42E-86548A09283B}.Release|x64.ActiveCfg = Release|Any CPU
		{1A53BB99-B93E-4038-B42E-86548A09283B}.Release|x86.ActiveCfg = Release|Any CPU
		{64AC5ABB-0492-4193-83A7-7A7E6900A0B5}.Debug|Any CPU.ActiveCfg = Debug|Any CPU
		{64AC5ABB-0492-4193-83A7-7A7E6900A0B5}.Debug|Any CPU.Build.0 = Debug|Any CPU
		{64AC5ABB-0492-4193-83A7-7A7E6900A0B5}.Debug|x64.ActiveCfg = Debug|Any CPU
		{64AC5ABB-0492-4193-83A7-7A7E6900A0B5}.Debug|x64.Build.0 = Debug|Any CPU
		{64AC5ABB-0492-4193-83A7-7A7E6900A0B5}.Debug|x86.ActiveCfg = Debug|Any CPU
		{64AC5ABB-0492-4193-83A7-7A7E6900A0B5}.Debug|x86.Build.0 = Debug|Any CPU
		{64AC5ABB-0492-4193-83A7-7A7E6900A0B5}.Release|Any CPU.ActiveCfg = Release|Any CPU
		{64AC5ABB-0492-4193-83A7-7A7E6900A0B5}.Release|Any CPU.Build.0 = Release|Any CPU
		{64AC5ABB-0492-4193-83A7-7A7E6900A0B5}.Release|x64.ActiveCfg = Release|Any CPU
		{64AC5ABB-0492-4193-83A7-7A7E6900A0B5}.Release|x64.Build.0 = Release|Any CPU
		{64AC5ABB-0492-4193-83A7-7A7E6900A0B5}.Release|x86.ActiveCfg = Release|Any CPU
		{64AC5ABB-0492-4193-83A7-7A7E6900A0B5}.Release|x86.Build.0 = Release|Any CPU
		{CEFAECA4-26C0-4C6E-AF5A-7186006B27B7}.Debug|Any CPU.ActiveCfg = Debug|x64
		{CEFAECA4-26C0-4C6E-AF5A-7186006B27B7}.Debug|Any CPU.Build.0 = Debug|x64
		{CEFAECA4-26C0-4C6E-AF5A-7186006B27B7}.Debug|x64.ActiveCfg = Debug|x64
		{CEFAECA4-26C0-4C6E-AF5A-7186006B27B7}.Debug|x64.Build.0 = Debug|x64
		{CEFAECA4-26C0-4C6E-AF5A-7186006B27B7}.Debug|x86.ActiveCfg = Debug|Win32
		{CEFAECA4-26C0-4C6E-AF5A-7186006B27B7}.Debug|x86.Build.0 = Debug|Win32
		{CEFAECA4-26C0-4C6E-AF5A-7186006B27B7}.Release|Any CPU.ActiveCfg = Release|x64
		{CEFAECA4-26C0-4C6E-AF5A-7186006B27B7}.Release|Any CPU.Build.0 = Release|x64
		{CEFAECA4-26C0-4C6E-AF5A-7186006B27B7}.Release|x64.ActiveCfg = Release|x64
		{CEFAECA4-26C0-4C6E-AF5A-7186006B27B7}.Release|x64.Build.0 = Release|x64
		{CEFAECA4-26C0-4C6E-AF5A-7186006B27B7}.Release|x86.ActiveCfg = Release|Win32
		{CEFAECA4-26C0-4C6E-AF5A-7186006B27B7}.Release|x86.Build.0 = Release|Win32
		{EC30CAF8-DF27-4153-A8CE-8D30B9729CA3}.Debug|Any CPU.ActiveCfg = Debug|Any CPU
		{EC30CAF8-DF27-4153-A8CE-8D30B9729CA3}.Debug|Any CPU.Build.0 = Debug|Any CPU
		{EC30CAF8-DF27-4153-A8CE-8D30B9729CA3}.Debug|x64.ActiveCfg = Debug|Any CPU
		{EC30CAF8-DF27-4153-A8CE-8D30B9729CA3}.Debug|x64.Build.0 = Debug|Any CPU
		{EC30CAF8-DF27-4153-A8CE-8D30B9729CA3}.Debug|x86.ActiveCfg = Debug|Any CPU
		{EC30CAF8-DF27-4153-A8CE-8D30B9729CA3}.Debug|x86.Build.0 = Debug|Any CPU
		{EC30CAF8-DF27-4153-A8CE-8D30B9729CA3}.Release|Any CPU.ActiveCfg = Release|Any CPU
		{EC30CAF8-DF27-4153-A8CE-8D30B9729CA3}.Release|Any CPU.Build.0 = Release|Any CPU
		{EC30CAF8-DF27-4153-A8CE-8D30B9729CA3}.Release|x64.ActiveCfg = Release|Any CPU
		{EC30CAF8-DF27-4153-A8CE-8D30B9729CA3}.Release|x64.Build.0 = Release|Any CPU
		{EC30CAF8-DF27-4153-A8CE-8D30B9729CA3}.Release|x86.ActiveCfg = Release|Any CPU
		{EC30CAF8-DF27-4153-A8CE-8D30B9729CA3}.Release|x86.Build.0 = Release|Any CPU
		{81FE148D-2523-4DFF-A8F9-CE8BB94C635B}.Debug|Any CPU.ActiveCfg = Debug|Any CPU
		{81FE148D-2523-4DFF-A8F9-CE8BB94C635B}.Debug|Any CPU.Build.0 = Debug|Any CPU
		{81FE148D-2523-4DFF-A8F9-CE8BB94C635B}.Debug|x64.ActiveCfg = Debug|Any CPU
		{81FE148D-2523-4DFF-A8F9-CE8BB94C635B}.Debug|x64.Build.0 = Debug|Any CPU
		{81FE148D-2523-4DFF-A8F9-CE8BB94C635B}.Debug|x86.ActiveCfg = Debug|Any CPU
		{81FE148D-2523-4DFF-A8F9-CE8BB94C635B}.Debug|x86.Build.0 = Debug|Any CPU
		{81FE148D-2523-4DFF-A8F9-CE8BB94C635B}.Release|Any CPU.ActiveCfg = Release|Any CPU
		{81FE148D-2523-4DFF-A8F9-CE8BB94C635B}.Release|Any CPU.Build.0 = Release|Any CPU
		{81FE148D-2523-4DFF-A8F9-CE8BB94C635B}.Release|x64.ActiveCfg = Release|Any CPU
		{81FE148D-2523-4DFF-A8F9-CE8BB94C635B}.Release|x64.Build.0 = Release|Any CPU
		{81FE148D-2523-4DFF-A8F9-CE8BB94C635B}.Release|x86.ActiveCfg = Release|Any CPU
		{81FE148D-2523-4DFF-A8F9-CE8BB94C635B}.Release|x86.Build.0 = Release|Any CPU
	EndGlobalSection
	GlobalSection(SolutionProperties) = preSolution
		HideSolutionNode = FALSE
	EndGlobalSection
	GlobalSection(ExtensibilityGlobals) = postSolution
		SolutionGuid = {1816ED5E-5D3F-4CBF-BE0B-0AB5E76807C1}
	EndGlobalSection
EndGlobal
