
Microsoft Visual Studio Solution File, Format Version 12.00
# Visual Studio Version 16
VisualStudioVersion = 16.0.30804.86
MinimumVisualStudioVersion = 10.0.40219.1
Project("{FAE04EC0-301F-11D3-BF4B-00C04F79EFBC}") = "VoiceCreator", "VoiceCreator\VoiceCreator.csproj", "{7867BBFF-8C20-407C-B50C-50CD24C5D06A}"
EndProject
Project("{FAE04EC0-301F-11D3-BF4B-00C04F79EFBC}") = "VoiceCreatorTestClient", "VoiceCreatorTestClient\VoiceCreatorTestClient.csproj", "{831D4048-7120-4017-9516-6987E9985DA4}"
EndProject
Project("{8BC9CEB8-8B4A-11D0-8D11-00A0C91BC942}") = "FaceDetector", "FaceDetector\FaceDetector.vcxproj", "{3B4909BF-2B59-4C81-9D72-37D37523B247}"
EndProject
Project("{FAE04EC0-301F-11D3-BF4B-00C04F79EFBC}") = "EV3UI", "EV3UI\EV3UI.csproj", "{84B9EB50-28A5-4DC7-9C0B-EDEE1CF74F8B}"
EndProject
Project("{8BC9CEB8-8B4A-11D0-8D11-00A0C91BC942}") = "VideoConverter", "VideoConverter\VideoConverter.vcxproj", "{60A32222-AD0A-4EBF-B1F9-1EDF483A6ED2}"
EndProject
Global
	GlobalSection(SolutionConfigurationPlatforms) = preSolution
		Debug|Any CPU = Debug|Any CPU
		Debug|x64 = Debug|x64
		Debug|x86 = Debug|x86
		Release|Any CPU = Release|Any CPU
		Release|x64 = Release|x64
		Release|x86 = Release|x86
	EndGlobalSection
	GlobalSection(ProjectConfigurationPlatforms) = postSolution
		{7867BBFF-8C20-407C-B50C-50CD24C5D06A}.Debug|Any CPU.ActiveCfg = Debug|Any CPU
		{7867BBFF-8C20-407C-B50C-50CD24C5D06A}.Debug|Any CPU.Build.0 = Debug|Any CPU
		{7867BBFF-8C20-407C-B50C-50CD24C5D06A}.Debug|x64.ActiveCfg = Debug|x64
		{7867BBFF-8C20-407C-B50C-50CD24C5D06A}.Debug|x64.Build.0 = Debug|x64
		{7867BBFF-8C20-407C-B50C-50CD24C5D06A}.Debug|x86.ActiveCfg = Debug|Any CPU
		{7867BBFF-8C20-407C-B50C-50CD24C5D06A}.Debug|x86.Build.0 = Debug|Any CPU
		{7867BBFF-8C20-407C-B50C-50CD24C5D06A}.Release|Any CPU.ActiveCfg = Release|Any CPU
		{7867BBFF-8C20-407C-B50C-50CD24C5D06A}.Release|Any CPU.Build.0 = Release|Any CPU
		{7867BBFF-8C20-407C-B50C-50CD24C5D06A}.Release|x64.ActiveCfg = Release|x64
		{7867BBFF-8C20-407C-B50C-50CD24C5D06A}.Release|x64.Build.0 = Release|x64
		{7867BBFF-8C20-407C-B50C-50CD24C5D06A}.Release|x86.ActiveCfg = Release|Any CPU
		{7867BBFF-8C20-407C-B50C-50CD24C5D06A}.Release|x86.Build.0 = Release|Any CPU
		{831D4048-7120-4017-9516-6987E9985DA4}.Debug|Any CPU.ActiveCfg = Debug|Any CPU
		{831D4048-7120-4017-9516-6987E9985DA4}.Debug|Any CPU.Build.0 = Debug|Any CPU
		{831D4048-7120-4017-9516-6987E9985DA4}.Debug|x64.ActiveCfg = Debug|Any CPU
		{831D4048-7120-4017-9516-6987E9985DA4}.Debug|x64.Build.0 = Debug|Any CPU
		{831D4048-7120-4017-9516-6987E9985DA4}.Debug|x86.ActiveCfg = Debug|Any CPU
		{831D4048-7120-4017-9516-6987E9985DA4}.Debug|x86.Build.0 = Debug|Any CPU
		{831D4048-7120-4017-9516-6987E9985DA4}.Release|Any CPU.ActiveCfg = Release|Any CPU
		{831D4048-7120-4017-9516-6987E9985DA4}.Release|Any CPU.Build.0 = Release|Any CPU
		{831D4048-7120-4017-9516-6987E9985DA4}.Release|x64.ActiveCfg = Release|Any CPU
		{831D4048-7120-4017-9516-6987E9985DA4}.Release|x64.Build.0 = Release|Any CPU
		{831D4048-7120-4017-9516-6987E9985DA4}.Release|x86.ActiveCfg = Release|Any CPU
		{831D4048-7120-4017-9516-6987E9985DA4}.Release|x86.Build.0 = Release|Any CPU
		{3B4909BF-2B59-4C81-9D72-37D37523B247}.Debug|Any CPU.ActiveCfg = Debug|Win32
		{3B4909BF-2B59-4C81-9D72-37D37523B247}.Debug|x64.ActiveCfg = Debug|x64
		{3B4909BF-2B59-4C81-9D72-37D37523B247}.Debug|x64.Build.0 = Debug|x64
		{3B4909BF-2B59-4C81-9D72-37D37523B247}.Debug|x86.ActiveCfg = Debug|Win32
		{3B4909BF-2B59-4C81-9D72-37D37523B247}.Debug|x86.Build.0 = Debug|Win32
		{3B4909BF-2B59-4C81-9D72-37D37523B247}.Release|Any CPU.ActiveCfg = Release|Win32
		{3B4909BF-2B59-4C81-9D72-37D37523B247}.Release|x64.ActiveCfg = Release|x64
		{3B4909BF-2B59-4C81-9D72-37D37523B247}.Release|x64.Build.0 = Release|x64
		{3B4909BF-2B59-4C81-9D72-37D37523B247}.Release|x86.ActiveCfg = Release|Win32
		{3B4909BF-2B59-4C81-9D72-37D37523B247}.Release|x86.Build.0 = Release|Win32
		{84B9EB50-28A5-4DC7-9C0B-EDEE1CF74F8B}.Debug|Any CPU.ActiveCfg = Debug|Any CPU
		{84B9EB50-28A5-4DC7-9C0B-EDEE1CF74F8B}.Debug|Any CPU.Build.0 = Debug|Any CPU
		{84B9EB50-28A5-4DC7-9C0B-EDEE1CF74F8B}.Debug|x64.ActiveCfg = Debug|Any CPU
		{84B9EB50-28A5-4DC7-9C0B-EDEE1CF74F8B}.Debug|x64.Build.0 = Debug|Any CPU
		{84B9EB50-28A5-4DC7-9C0B-EDEE1CF74F8B}.Debug|x86.ActiveCfg = Debug|Any CPU
		{84B9EB50-28A5-4DC7-9C0B-EDEE1CF74F8B}.Debug|x86.Build.0 = Debug|Any CPU
		{84B9EB50-28A5-4DC7-9C0B-EDEE1CF74F8B}.Release|Any CPU.ActiveCfg = Release|Any CPU
		{84B9EB50-28A5-4DC7-9C0B-EDEE1CF74F8B}.Release|Any CPU.Build.0 = Release|Any CPU
		{84B9EB50-28A5-4DC7-9C0B-EDEE1CF74F8B}.Release|x64.ActiveCfg = Release|Any CPU
		{84B9EB50-28A5-4DC7-9C0B-EDEE1CF74F8B}.Release|x64.Build.0 = Release|Any CPU
		{84B9EB50-28A5-4DC7-9C0B-EDEE1CF74F8B}.Release|x86.ActiveCfg = Release|Any CPU
		{84B9EB50-28A5-4DC7-9C0B-EDEE1CF74F8B}.Release|x86.Build.0 = Release|Any CPU
		{60A32222-AD0A-4EBF-B1F9-1EDF483A6ED2}.Debug|Any CPU.ActiveCfg = Debug|Win32
		{60A32222-AD0A-4EBF-B1F9-1EDF483A6ED2}.Debug|x64.ActiveCfg = Debug|x64
		{60A32222-AD0A-4EBF-B1F9-1EDF483A6ED2}.Debug|x64.Build.0 = Debug|x64
		{60A32222-AD0A-4EBF-B1F9-1EDF483A6ED2}.Debug|x86.ActiveCfg = Debug|Win32
		{60A32222-AD0A-4EBF-B1F9-1EDF483A6ED2}.Debug|x86.Build.0 = Debug|Win32
		{60A32222-AD0A-4EBF-B1F9-1EDF483A6ED2}.Release|Any CPU.ActiveCfg = Release|Win32
		{60A32222-AD0A-4EBF-B1F9-1EDF483A6ED2}.Release|x64.ActiveCfg = Release|x64
		{60A32222-AD0A-4EBF-B1F9-1EDF483A6ED2}.Release|x64.Build.0 = Release|x64
		{60A32222-AD0A-4EBF-B1F9-1EDF483A6ED2}.Release|x86.ActiveCfg = Release|Win32
		{60A32222-AD0A-4EBF-B1F9-1EDF483A6ED2}.Release|x86.Build.0 = Release|Win32
	EndGlobalSection
	GlobalSection(SolutionProperties) = preSolution
		HideSolutionNode = FALSE
	EndGlobalSection
	GlobalSection(ExtensibilityGlobals) = postSolution
		SolutionGuid = {1816ED5E-5D3F-4CBF-BE0B-0AB5E76807C1}
	EndGlobalSection
EndGlobal
